{
    "version": 3,
    "terraform_version": "0.11.8",
    "serial": 2,
    "lineage": "c64dcb19-bfc5-2ce4-8b55-c3ed4508c930",
    "modules": [
        {
            "path": [
                "root"
            ],
            "outputs": {
                "this_availability_zone": {
                    "sensitive": false,
                    "type": "string",
                    "value": "cn-beijing-a"
                },
                "this_disk_ids": {
                    "sensitive": false,
                    "type": "list",
                    "value": [
                        "d-2zehw7653yysact2ucup",
                        "d-2zehw7653yysact2ucuo"
                    ]
                }
            },
            "resources": {},
            "depends_on": []
        },
        {
            "path": [
                "root",
                "disks"
            ],
            "outputs": {
                "availability_zone": {
                    "sensitive": false,
                    "type": "string",
                    "value": "cn-beijing-a"
                },
                "disk_ids": {
                    "sensitive": false,
                    "type": "list",
                    "value": [
                        "d-2zehw7653yysact2ucup",
                        "d-2zehw7653yysact2ucuo"
                    ]
                }
            },
            "resources": {
                "alicloud_disk.this.0": {
                    "type": "alicloud_disk",
                    "depends_on": [
                        "data.alicloud_zones.this"
                    ],
                    "primary": {
                        "id": "d-2zehw7653yysact2ucup",
                        "attributes": {
                            "availability_zone": "cn-beijing-a",
                            "category": "cloud_efficiency",
                            "description": "",
                            "encrypted": "false",
                            "id": "d-2zehw7653yysact2ucup",
                            "name": "TF_ECS_Disk01",
                            "size": "40",
                            "snapshot_id": "",
                            "status": "Available",
                            "tags.%": "3",
                            "tags.Name": "TF_ECS_Disk",
                            "tags.created_by": "Terraform",
                            "tags.created_from": "module-terraform-alicloud-disk"
                        },
                        "meta": {},
                        "tainted": false
                    },
                    "deposed": [],
                    "provider": "provider.alicloud"
                },
                "alicloud_disk.this.1": {
                    "type": "alicloud_disk",
                    "depends_on": [
                        "data.alicloud_zones.this"
                    ],
                    "primary": {
                        "id": "d-2zehw7653yysact2ucuo",
                        "attributes": {
                            "availability_zone": "cn-beijing-a",
                            "category": "cloud_efficiency",
                            "description": "",
                            "encrypted": "false",
                            "id": "d-2zehw7653yysact2ucuo",
                            "name": "TF_ECS_Disk02",
                            "size": "40",
                            "snapshot_id": "",
                            "status": "Available",
                            "tags.%": "3",
                            "tags.Name": "TF_ECS_Disk",
                            "tags.created_by": "Terraform",
                            "tags.created_from": "module-terraform-alicloud-disk"
                        },
                        "meta": {},
                        "tainted": false
                    },
                    "deposed": [],
                    "provider": "provider.alicloud"
                },
                "data.alicloud_zones.this": {
                    "type": "alicloud_zones",
                    "depends_on": [],
                    "primary": {
                        "id": "2107986425",
                        "attributes": {
                            "available_disk_category": "cloud_efficiency",
                            "id": "2107986425",
                            "instance_charge_type": "PostPaid",
                            "multi": "false",
                            "spot_strategy": "NoSpot",
                            "zones.#": "7",
                            "zones.0.available_disk_categories.#": "3",
                            "zones.0.available_disk_categories.0": "cloud_ssd",
                            "zones.0.available_disk_categories.1": "cloud_efficiency",
                            "zones.0.available_disk_categories.2": "cloud",
                            "zones.0.available_instance_types.#": "98",
                            "zones.0.available_instance_types.0": "ecs.sn2.7xlarge",
                            "zones.0.available_instance_types.1": "ecs.n1.small",
                            "zones.0.available_instance_types.10": "ecs.sn1.7xlarge",
                            "zones.0.available_instance_types.11": "ecs.mn4.8xlarge",
                            "zones.0.available_instance_types.12": "ecs.n4.2xlarge",
                            "zones.0.available_instance_types.13": "ecs.e3.medium",
                            "zones.0.available_instance_types.14": "ecs.i1.4xlarge",
                            "zones.0.available_instance_types.15": "ecs.n1.7xlarge",
                            "zones.0.available_instance_types.16": "ecs.se1.8xlarge",
                            "zones.0.available_instance_types.17": "ecs.s1.small",
                            "zones.0.available_instance_types.18": "ecs.c2.large",
                            "zones.0.available_instance_types.19": "ecs.sn2.3xlarge",
                            "zones.0.available_instance_types.2": "ecs.sn2.medium",
                            "zones.0.available_instance_types.20": "ecs.gn4-c8g1.2xlarge",
                            "zones.0.available_instance_types.21": "ecs.i2.xlarge",
                            "zones.0.available_instance_types.22": "ecs.se1ne.large",
                            "zones.0.available_instance_types.23": "ecs.e3.3xlarge",
                            "zones.0.available_instance_types.24": "ecs.i2.2xlarge",
                            "zones.0.available_instance_types.25": "ecs.sn1.large",
                            "zones.0.available_instance_types.26": "ecs.mn4.xlarge",
                            "zones.0.available_instance_types.27": "ecs.s2.xlarge",
                            "zones.0.available_instance_types.28": "ecs.n2.3xlarge",
                            "zones.0.available_instance_types.29": "ecs.n2.xlarge",
                            "zones.0.available_instance_types.3": "ecs.gn4.8xlarge",
                            "zones.0.available_instance_types.30": "ecs.i1.2xlarge",
                            "zones.0.available_instance_types.31": "ecs.e3.xlarge",
                            "zones.0.available_instance_types.32": "ecs.se1ne.xlarge",
                            "zones.0.available_instance_types.33": "ecs.gn4.14xlarge",
                            "zones.0.available_instance_types.34": "ecs.n2.small",
                            "zones.0.available_instance_types.35": "ecs.sn1.medium",
                            "zones.0.available_instance_types.36": "ecs.n4.8xlarge",
                            "zones.0.available_instance_types.37": "ecs.e4.xlarge",
                            "zones.0.available_instance_types.38": "ecs.n1.medium",
                            "zones.0.available_instance_types.39": "ecs.n4.large",
                            "zones.0.available_instance_types.4": "ecs.n4.xlarge",
                            "zones.0.available_instance_types.40": "ecs.s2.small",
                            "zones.0.available_instance_types.41": "ecs.gn4-c8g1.4xlarge",
                            "zones.0.available_instance_types.42": "ecs.s1.medium",
                            "zones.0.available_instance_types.43": "ecs.m1.medium",
                            "zones.0.available_instance_types.44": "ecs.ga1.2xlarge",
                            "zones.0.available_instance_types.45": "ecs.se1.4xlarge",
                            "zones.0.available_instance_types.46": "ecs.i2.8xlarge",
                            "zones.0.available_instance_types.47": "ecs.ga1.14xlarge",
                            "zones.0.available_instance_types.48": "ecs.i2.4xlarge",
                            "zones.0.available_instance_types.49": "ecs.c2.medium",
                            "zones.0.available_instance_types.5": "ecs.se1.large",
                            "zones.0.available_instance_types.50": "ecs.t1.small",
                            "zones.0.available_instance_types.51": "ecs.sn1.xlarge",
                            "zones.0.available_instance_types.52": "ecs.n1.xlarge",
                            "zones.0.available_instance_types.53": "ecs.ga1.8xlarge",
                            "zones.0.available_instance_types.54": "ecs.n4.4xlarge",
                            "zones.0.available_instance_types.55": "ecs.n2.medium",
                            "zones.0.available_instance_types.56": "ecs.i1.6xlarge",
                            "zones.0.available_instance_types.57": "ecs.c2.xlarge",
                            "zones.0.available_instance_types.58": "ecs.s3.large",
                            "zones.0.available_instance_types.59": "ecs.mn4.2xlarge",
                            "zones.0.available_instance_types.6": "ecs.xn4.small",
                            "zones.0.available_instance_types.60": "ecs.m2.xlarge",
                            "zones.0.available_instance_types.61": "ecs.sn2ne.large",
                            "zones.0.available_instance_types.62": "ecs.sn2ne.xlarge",
                            "zones.0.available_instance_types.63": "ecs.e4.4xlarge",
                            "zones.0.available_instance_types.64": "ecs.e4.small",
                            "zones.0.available_instance_types.65": "ecs.m2.medium",
                            "zones.0.available_instance_types.66": "ecs.s3.medium",
                            "zones.0.available_instance_types.67": "ecs.m1.xlarge",
                            "zones.0.available_instance_types.68": "ecs.n4.small",
                            "zones.0.available_instance_types.69": "ecs.sn1ne.xlarge",
                            "zones.0.available_instance_types.7": "ecs.i1.3xlarge",
                            "zones.0.available_instance_types.70": "ecs.sn2.large",
                            "zones.0.available_instance_types.71": "ecs.n2.large",
                            "zones.0.available_instance_types.72": "ecs.c1.large",
                            "zones.0.available_instance_types.73": "ecs.se1.xlarge",
                            "zones.0.available_instance_types.74": "ecs.i1.8xlarge",
                            "zones.0.available_instance_types.75": "ecs.gn4-c4g1.2xlarge",
                            "zones.0.available_instance_types.76": "ecs.gn4-c4g1.xlarge",
                            "zones.0.available_instance_types.77": "ecs.t1.xsmall",
                            "zones.0.available_instance_types.78": "ecs.e4.large",
                            "zones.0.available_instance_types.79": "ecs.s2.2xlarge",
                            "zones.0.available_instance_types.8": "ecs.n2.7xlarge",
                            "zones.0.available_instance_types.80": "ecs.e3.large",
                            "zones.0.available_instance_types.81": "ecs.se1.2xlarge",
                            "zones.0.available_instance_types.82": "ecs.sn2.xlarge",
                            "zones.0.available_instance_types.83": "ecs.n1.tiny",
                            "zones.0.available_instance_types.84": "ecs.ga1.4xlarge",
                            "zones.0.available_instance_types.85": "ecs.e3.7xlarge",
                            "zones.0.available_instance_types.86": "ecs.n1.large",
                            "zones.0.available_instance_types.87": "ecs.e4.2xlarge",
                            "zones.0.available_instance_types.88": "ecs.c1.small",
                            "zones.0.available_instance_types.89": "ecs.sn1ne.large",
                            "zones.0.available_instance_types.9": "ecs.mn4.large",
                            "zones.0.available_instance_types.90": "ecs.n1.3xlarge",
                            "zones.0.available_instance_types.91": "ecs.sn1.3xlarge",
                            "zones.0.available_instance_types.92": "ecs.s2.large",
                            "zones.0.available_instance_types.93": "ecs.s1.large",
                            "zones.0.available_instance_types.94": "ecs.e3.small",
                            "zones.0.available_instance_types.95": "ecs.i1.xlarge",
                            "zones.0.available_instance_types.96": "ecs.mn4.4xlarge",
                            "zones.0.available_instance_types.97": "ecs.mn4.small",
                            "zones.0.available_resource_creation.#": "4",
                            "zones.0.available_resource_creation.0": "VSwitch",
                            "zones.0.available_resource_creation.1": "IoOptimized",
                            "zones.0.available_resource_creation.2": "Instance",
                            "zones.0.available_resource_creation.3": "Disk",
                            "zones.0.id": "cn-beijing-a",
                            "zones.0.local_name": "华北 2 可用区 A",
                            "zones.1.available_disk_categories.#": "3",
                            "zones.1.available_disk_categories.0": "cloud_ssd",
                            "zones.1.available_disk_categories.1": "cloud_efficiency",
                            "zones.1.available_disk_categories.2": "cloud",
                            "zones.1.available_instance_types.#": "32",
                            "zones.1.available_instance_types.0": "ecs.s2.xlarge",
                            "zones.1.available_instance_types.1": "ecs.t1.xsmall",
                            "zones.1.available_instance_types.10": "ecs.s3.large",
                            "zones.1.available_instance_types.11": "ecs.n1.large",
                            "zones.1.available_instance_types.12": "ecs.c1.small",
                            "zones.1.available_instance_types.13": "ecs.m2.xlarge",
                            "zones.1.available_instance_types.14": "ecs.n1.medium",
                            "zones.1.available_instance_types.15": "ecs.s2.small",
                            "zones.1.available_instance_types.16": "ecs.e3.medium",
                            "zones.1.available_instance_types.17": "ecs.s1.medium",
                            "zones.1.available_instance_types.18": "ecs.m2.medium",
                            "zones.1.available_instance_types.19": "ecs.m1.medium",
                            "zones.1.available_instance_types.2": "ecs.n2.medium",
                            "zones.1.available_instance_types.20": "ecs.s2.large",
                            "zones.1.available_instance_types.21": "ecs.s3.medium",
                            "zones.1.available_instance_types.22": "ecs.m1.xlarge",
                            "zones.1.available_instance_types.23": "ecs.s1.small",
                            "zones.1.available_instance_types.24": "ecs.s1.large",
                            "zones.1.available_instance_types.25": "ecs.c2.large",
                            "zones.1.available_instance_types.26": "ecs.e3.small",
                            "zones.1.available_instance_types.27": "ecs.c2.medium",
                            "zones.1.available_instance_types.28": "ecs.t1.small",
                            "zones.1.available_instance_types.29": "ecs.n2.large",
                            "zones.1.available_instance_types.3": "ecs.s2.2xlarge",
                            "zones.1.available_instance_types.30": "ecs.c1.large",
                            "zones.1.available_instance_types.31": "ecs.se1.xlarge",
                            "zones.1.available_instance_types.4": "ecs.n1.small",
                            "zones.1.available_instance_types.5": "ecs.e3.large",
                            "zones.1.available_instance_types.6": "ecs.se1.large",
                            "zones.1.available_instance_types.7": "ecs.n1.tiny",
                            "zones.1.available_instance_types.8": "ecs.c2.xlarge",
                            "zones.1.available_instance_types.9": "ecs.n2.small",
                            "zones.1.available_resource_creation.#": "4",
                            "zones.1.available_resource_creation.0": "VSwitch",
                            "zones.1.available_resource_creation.1": "IoOptimized",
                            "zones.1.available_resource_creation.2": "Instance",
                            "zones.1.available_resource_creation.3": "Disk",
                            "zones.1.id": "cn-beijing-b",
                            "zones.1.local_name": "华北 2 可用区 B",
                            "zones.2.available_disk_categories.#": "2",
                            "zones.2.available_disk_categories.0": "cloud_ssd",
                            "zones.2.available_disk_categories.1": "cloud_efficiency",
                            "zones.2.available_instance_types.#": "133",
                            "zones.2.available_instance_types.0": "ecs.c5.large",
                            "zones.2.available_instance_types.1": "ecs.r5.large",
                            "zones.2.available_instance_types.10": "ecs.sn2ne.3xlarge",
                            "zones.2.available_instance_types.100": "ecs.r5.2xlarge",
                            "zones.2.available_instance_types.101": "ecs.gn5-c8g1.4xlarge",
                            "zones.2.available_instance_types.102": "ecs.ic5.large",
                            "zones.2.available_instance_types.103": "ecs.t1.xsmall",
                            "zones.2.available_instance_types.104": "ecs.e4.large",
                            "zones.2.available_instance_types.105": "ecs.s2.2xlarge",
                            "zones.2.available_instance_types.106": "ecs.e3.large",
                            "zones.2.available_instance_types.107": "ecs.se1.2xlarge",
                            "zones.2.available_instance_types.108": "ecs.se1ne.14xlarge",
                            "zones.2.available_instance_types.109": "ecs.sn2.xlarge",
                            "zones.2.available_instance_types.11": "ecs.se1ne.3xlarge",
                            "zones.2.available_instance_types.110": "ecs.n1.tiny",
                            "zones.2.available_instance_types.111": "ecs.c5.3xlarge",
                            "zones.2.available_instance_types.112": "ecs.n1.large",
                            "zones.2.available_instance_types.113": "ecs.e4.2xlarge",
                            "zones.2.available_instance_types.114": "ecs.r5.3xlarge",
                            "zones.2.available_instance_types.115": "ecs.sn1ne.large",
                            "zones.2.available_instance_types.116": "ecs.n1.3xlarge",
                            "zones.2.available_instance_types.117": "ecs.sn1.3xlarge",
                            "zones.2.available_instance_types.118": "ecs.c5.6xlarge",
                            "zones.2.available_instance_types.119": "ecs.c5.2xlarge",
                            "zones.2.available_instance_types.12": "ecs.xn4.small",
                            "zones.2.available_instance_types.120": "ecs.ebmhfg4.4xlarge",
                            "zones.2.available_instance_types.121": "ecs.c5.4xlarge",
                            "zones.2.available_instance_types.122": "ecs.s2.large",
                            "zones.2.available_instance_types.123": "ecs.sn2.13xlarge",
                            "zones.2.available_instance_types.124": "ecs.gn5i-c2g1.large",
                            "zones.2.available_instance_types.125": "ecs.s1.large",
                            "zones.2.available_instance_types.126": "ecs.sn1ne.4xlarge",
                            "zones.2.available_instance_types.127": "ecs.e3.small",
                            "zones.2.available_instance_types.128": "ecs.r5.6xlarge",
                            "zones.2.available_instance_types.129": "ecs.mn4.4xlarge",
                            "zones.2.available_instance_types.13": "ecs.n2.7xlarge",
                            "zones.2.available_instance_types.130": "ecs.c5.xlarge",
                            "zones.2.available_instance_types.131": "ecs.se1ne.8xlarge",
                            "zones.2.available_instance_types.132": "ecs.mn4.small",
                            "zones.2.available_instance_types.14": "ecs.sn2ne.8xlarge",
                            "zones.2.available_instance_types.15": "ecs.mn4.large",
                            "zones.2.available_instance_types.16": "ecs.sn1.7xlarge",
                            "zones.2.available_instance_types.17": "ecs.ic5.xlarge",
                            "zones.2.available_instance_types.18": "ecs.mn4.8xlarge",
                            "zones.2.available_instance_types.19": "ecs.n4.2xlarge",
                            "zones.2.available_instance_types.2": "ecs.sn2.7xlarge",
                            "zones.2.available_instance_types.20": "ecs.r5.22xlarge",
                            "zones.2.available_instance_types.21": "ecs.e3.medium",
                            "zones.2.available_instance_types.22": "ecs.g5.large",
                            "zones.2.available_instance_types.23": "ecs.n1.7xlarge",
                            "zones.2.available_instance_types.24": "ecs.gn5i-c8g1.2xlarge",
                            "zones.2.available_instance_types.25": "ecs.se1.8xlarge",
                            "zones.2.available_instance_types.26": "ecs.s1.small",
                            "zones.2.available_instance_types.27": "ecs.c5.22xlarge",
                            "zones.2.available_instance_types.28": "ecs.sn2.3xlarge",
                            "zones.2.available_instance_types.29": "ecs.i2.xlarge",
                            "zones.2.available_instance_types.3": "ecs.n1.small",
                            "zones.2.available_instance_types.30": "ecs.se1ne.large",
                            "zones.2.available_instance_types.31": "ecs.e3.3xlarge",
                            "zones.2.available_instance_types.32": "ecs.ic5.8xlarge",
                            "zones.2.available_instance_types.33": "ecs.sn1.large",
                            "zones.2.available_instance_types.34": "ecs.mn4.xlarge",
                            "zones.2.available_instance_types.35": "ecs.ic5.2xlarge",
                            "zones.2.available_instance_types.36": "ecs.s2.xlarge",
                            "zones.2.available_instance_types.37": "ecs.g5.xlarge",
                            "zones.2.available_instance_types.38": "ecs.n2.3xlarge",
                            "zones.2.available_instance_types.39": "ecs.n2.xlarge",
                            "zones.2.available_instance_types.4": "ecs.sn2ne.14xlarge",
                            "zones.2.available_instance_types.40": "ecs.gn5-c8g1.2xlarge",
                            "zones.2.available_instance_types.41": "ecs.r5.8xlarge",
                            "zones.2.available_instance_types.42": "ecs.gn5i-c4g1.xlarge",
                            "zones.2.available_instance_types.43": "ecs.e3.xlarge",
                            "zones.2.available_instance_types.44": "ecs.ic5.4xlarge",
                            "zones.2.available_instance_types.45": "ecs.se1ne.xlarge",
                            "zones.2.available_instance_types.46": "ecs.n2.small",
                            "zones.2.available_instance_types.47": "ecs.se1ne.4xlarge",
                            "zones.2.available_instance_types.48": "ecs.gn5i-c16g1.4xlarge",
                            "zones.2.available_instance_types.49": "ecs.sn1.medium",
                            "zones.2.available_instance_types.5": "ecs.sn2.medium",
                            "zones.2.available_instance_types.50": "ecs.gn5i-c28g1.14xlarge",
                            "zones.2.available_instance_types.51": "ecs.n4.8xlarge",
                            "zones.2.available_instance_types.52": "ecs.e4.xlarge",
                            "zones.2.available_instance_types.53": "ecs.ebmg5.24xlarge",
                            "zones.2.available_instance_types.54": "ecs.n1.medium",
                            "zones.2.available_instance_types.55": "ecs.s2.small",
                            "zones.2.available_instance_types.56": "ecs.n4.large",
                            "zones.2.available_instance_types.57": "ecs.s1.medium",
                            "zones.2.available_instance_types.58": "ecs.sn1ne.6xlarge",
                            "zones.2.available_instance_types.59": "ecs.m1.medium",
                            "zones.2.available_instance_types.6": "ecs.n4.xlarge",
                            "zones.2.available_instance_types.60": "ecs.gn5i-c48g1.12xlarge",
                            "zones.2.available_instance_types.61": "ecs.se1.4xlarge",
                            "zones.2.available_instance_types.62": "ecs.ebmc4.8xlarge",
                            "zones.2.available_instance_types.63": "ecs.t1.small",
                            "zones.2.available_instance_types.64": "ecs.ic5.6xlarge",
                            "zones.2.available_instance_types.65": "ecs.sn1.xlarge",
                            "zones.2.available_instance_types.66": "ecs.n1.xlarge",
                            "zones.2.available_instance_types.67": "ecs.gn5i-c40g1.10xlarge",
                            "zones.2.available_instance_types.68": "ecs.n4.4xlarge",
                            "zones.2.available_instance_types.69": "ecs.n2.medium",
                            "zones.2.available_instance_types.7": "ecs.gn5i-c16g1.8xlarge",
                            "zones.2.available_instance_types.70": "ecs.r5.xlarge",
                            "zones.2.available_instance_types.71": "ecs.r5.16xlarge",
                            "zones.2.available_instance_types.72": "ecs.se1ne.2xlarge",
                            "zones.2.available_instance_types.73": "ecs.ebmg4.8xlarge",
                            "zones.2.available_instance_types.74": "ecs.ebmhfg5.2xlarge",
                            "zones.2.available_instance_types.75": "ecs.c5.16xlarge",
                            "zones.2.available_instance_types.76": "ecs.se1.14xlarge",
                            "zones.2.available_instance_types.77": "ecs.sn2ne.4xlarge",
                            "zones.2.available_instance_types.78": "ecs.ic5.3xlarge",
                            "zones.2.available_instance_types.79": "ecs.sn1ne.8xlarge",
                            "zones.2.available_instance_types.8": "ecs.se1.large",
                            "zones.2.available_instance_types.80": "ecs.mn4.2xlarge",
                            "zones.2.available_instance_types.81": "ecs.m2.xlarge",
                            "zones.2.available_instance_types.82": "ecs.sn2ne.large",
                            "zones.2.available_instance_types.83": "ecs.sn2ne.xlarge",
                            "zones.2.available_instance_types.84": "ecs.e4.4xlarge",
                            "zones.2.available_instance_types.85": "ecs.gn5i-c12g1.6xlarge",
                            "zones.2.available_instance_types.86": "ecs.sn1ne.2xlarge",
                            "zones.2.available_instance_types.87": "ecs.m2.medium",
                            "zones.2.available_instance_types.88": "ecs.e4.small",
                            "zones.2.available_instance_types.89": "ecs.c5.8xlarge",
                            "zones.2.available_instance_types.9": "ecs.sn1ne.3xlarge",
                            "zones.2.available_instance_types.90": "ecs.se1ne.6xlarge",
                            "zones.2.available_instance_types.91": "ecs.sn2ne.2xlarge",
                            "zones.2.available_instance_types.92": "ecs.sn2ne.6xlarge",
                            "zones.2.available_instance_types.93": "ecs.n4.small",
                            "zones.2.available_instance_types.94": "ecs.sn1ne.xlarge",
                            "zones.2.available_instance_types.95": "ecs.sn2.large",
                            "zones.2.available_instance_types.96": "ecs.g5.6xlarge",
                            "zones.2.available_instance_types.97": "ecs.n2.large",
                            "zones.2.available_instance_types.98": "ecs.se1.xlarge",
                            "zones.2.available_instance_types.99": "ecs.r5.4xlarge",
                            "zones.2.available_resource_creation.#": "5",
                            "zones.2.available_resource_creation.0": "IoOptimized",
                            "zones.2.available_resource_creation.1": "VSwitch",
                            "zones.2.available_resource_creation.2": "Instance",
                            "zones.2.available_resource_creation.3": "DedicatedHost",
                            "zones.2.available_resource_creation.4": "Disk",
                            "zones.2.id": "cn-beijing-c",
                            "zones.2.local_name": "华北 2 可用区 C",
                            "zones.3.available_disk_categories.#": "2",
                            "zones.3.available_disk_categories.0": "cloud_ssd",
                            "zones.3.available_disk_categories.1": "cloud_efficiency",
                            "zones.3.available_instance_types.#": "45",
                            "zones.3.available_instance_types.0": "ecs.n1.xlarge",
                            "zones.3.available_instance_types.1": "ecs.ga1.8xlarge",
                            "zones.3.available_instance_types.10": "ecs.e3.xlarge",
                            "zones.3.available_instance_types.11": "ecs.cm4.4xlarge",
                            "zones.3.available_instance_types.12": "ecs.c4.3xlarge",
                            "zones.3.available_instance_types.13": "ecs.n1.tiny",
                            "zones.3.available_instance_types.14": "ecs.i1.6xlarge",
                            "zones.3.available_instance_types.15": "ecs.n2.small",
                            "zones.3.available_instance_types.16": "ecs.i1.3xlarge",
                            "zones.3.available_instance_types.17": "ecs.ga1.4xlarge",
                            "zones.3.available_instance_types.18": "ecs.d1.14xlarge",
                            "zones.3.available_instance_types.19": "ecs.c4.2xlarge",
                            "zones.3.available_instance_types.2": "ecs.gn5-c4g1.xlarge",
                            "zones.3.available_instance_types.20": "ecs.n2.7xlarge",
                            "zones.3.available_instance_types.21": "ecs.e3.7xlarge",
                            "zones.3.available_instance_types.22": "ecs.n1.large",
                            "zones.3.available_instance_types.23": "ecs.ce4.2xlarge",
                            "zones.3.available_instance_types.24": "ecs.cm4.2xlarge",
                            "zones.3.available_instance_types.25": "ecs.d1.3xlarge",
                            "zones.3.available_instance_types.26": "ecs.d1.8xlarge",
                            "zones.3.available_instance_types.27": "ecs.n1.3xlarge",
                            "zones.3.available_instance_types.28": "ecs.n1.medium",
                            "zones.3.available_instance_types.29": "ecs.c4.4xlarge",
                            "zones.3.available_instance_types.3": "ecs.n2.3xlarge",
                            "zones.3.available_instance_types.30": "ecs.e3.medium",
                            "zones.3.available_instance_types.31": "ecs.cm4.3xlarge",
                            "zones.3.available_instance_types.32": "ecs.d1.2xlarge",
                            "zones.3.available_instance_types.33": "ecs.d1.4xlarge",
                            "zones.3.available_instance_types.34": "ecs.i1.4xlarge",
                            "zones.3.available_instance_types.35": "ecs.n1.7xlarge",
                            "zones.3.available_instance_types.36": "ecs.ga1.14xlarge",
                            "zones.3.available_instance_types.37": "ecs.c4.xlarge",
                            "zones.3.available_instance_types.38": "ecs.e3.small",
                            "zones.3.available_instance_types.39": "ecs.i1.xlarge",
                            "zones.3.available_instance_types.4": "ecs.n2.medium",
                            "zones.3.available_instance_types.40": "ecs.ce4.xlarge",
                            "zones.3.available_instance_types.41": "ecs.e3.3xlarge",
                            "zones.3.available_instance_types.42": "ecs.n2.large",
                            "zones.3.available_instance_types.43": "ecs.d1.6xlarge",
                            "zones.3.available_instance_types.44": "ecs.cm4.xlarge",
                            "zones.3.available_instance_types.5": "ecs.n2.xlarge",
                            "zones.3.available_instance_types.6": "ecs.gn5-c8g1.2xlarge",
                            "zones.3.available_instance_types.7": "ecs.n1.small",
                            "zones.3.available_instance_types.8": "ecs.e3.large",
                            "zones.3.available_instance_types.9": "ecs.i1.2xlarge",
                            "zones.3.available_resource_creation.#": "4",
                            "zones.3.available_resource_creation.0": "VSwitch",
                            "zones.3.available_resource_creation.1": "IoOptimized",
                            "zones.3.available_resource_creation.2": "Instance",
                            "zones.3.available_resource_creation.3": "Disk",
                            "zones.3.id": "cn-beijing-d",
                            "zones.3.local_name": "华北 2 可用区 D",
                            "zones.4.available_disk_categories.#": "2",
                            "zones.4.available_disk_categories.0": "cloud_ssd",
                            "zones.4.available_disk_categories.1": "cloud_efficiency",
                            "zones.4.available_instance_types.#": "128",
                            "zones.4.available_instance_types.0": "ecs.c5.large",
                            "zones.4.available_instance_types.1": "ecs.hfc5.xlarge",
                            "zones.4.available_instance_types.10": "ecs.se1.large",
                            "zones.4.available_instance_types.100": "ecs.sn2.large",
                            "zones.4.available_instance_types.101": "ecs.t5-c1m2.large",
                            "zones.4.available_instance_types.102": "ecs.d1.6xlarge",
                            "zones.4.available_instance_types.103": "ecs.se1.xlarge",
                            "zones.4.available_instance_types.104": "ecs.r5.4xlarge",
                            "zones.4.available_instance_types.105": "ecs.r5.2xlarge",
                            "zones.4.available_instance_types.106": "ecs.ic5.large",
                            "zones.4.available_instance_types.107": "ecs.e4.large",
                            "zones.4.available_instance_types.108": "ecs.se1.2xlarge",
                            "zones.4.available_instance_types.109": "ecs.sn2.xlarge",
                            "zones.4.available_instance_types.11": "ecs.sn1ne.3xlarge",
                            "zones.4.available_instance_types.110": "ecs.e4.2xlarge",
                            "zones.4.available_instance_types.111": "ecs.r5.3xlarge",
                            "zones.4.available_instance_types.112": "ecs.t5-c1m1.xlarge",
                            "zones.4.available_instance_types.113": "ecs.sn1ne.large",
                            "zones.4.available_instance_types.114": "ecs.t5-c1m4.xlarge",
                            "zones.4.available_instance_types.115": "ecs.sn1.3xlarge",
                            "zones.4.available_instance_types.116": "ecs.hfg5.2xlarge",
                            "zones.4.available_instance_types.117": "ecs.d1.4xlarge",
                            "zones.4.available_instance_types.118": "ecs.hfg5.14xlarge",
                            "zones.4.available_instance_types.119": "ecs.gn5i-c2g1.large",
                            "zones.4.available_instance_types.12": "ecs.sn2ne.3xlarge",
                            "zones.4.available_instance_types.120": "ecs.i1.xlarge",
                            "zones.4.available_instance_types.121": "ecs.sn1ne.4xlarge",
                            "zones.4.available_instance_types.122": "ecs.r5.6xlarge",
                            "zones.4.available_instance_types.123": "ecs.mn4.4xlarge",
                            "zones.4.available_instance_types.124": "ecs.c5.xlarge",
                            "zones.4.available_instance_types.125": "ecs.hfc5.large",
                            "zones.4.available_instance_types.126": "ecs.se1ne.8xlarge",
                            "zones.4.available_instance_types.127": "ecs.mn4.small",
                            "zones.4.available_instance_types.13": "ecs.t5-c1m2.2xlarge",
                            "zones.4.available_instance_types.14": "ecs.xn4.small",
                            "zones.4.available_instance_types.15": "ecs.se1ne.3xlarge",
                            "zones.4.available_instance_types.16": "ecs.sn2ne.8xlarge",
                            "zones.4.available_instance_types.17": "ecs.hfg5.3xlarge",
                            "zones.4.available_instance_types.18": "ecs.mn4.large",
                            "zones.4.available_instance_types.19": "ecs.sn1.7xlarge",
                            "zones.4.available_instance_types.2": "ecs.r5.large",
                            "zones.4.available_instance_types.20": "ecs.mn4.8xlarge",
                            "zones.4.available_instance_types.21": "ecs.ic5.xlarge",
                            "zones.4.available_instance_types.22": "ecs.r5.22xlarge",
                            "zones.4.available_instance_types.23": "ecs.n4.2xlarge",
                            "zones.4.available_instance_types.24": "ecs.hfg5.4xlarge",
                            "zones.4.available_instance_types.25": "ecs.hfc5.2xlarge",
                            "zones.4.available_instance_types.26": "ecs.g5.large",
                            "zones.4.available_instance_types.27": "ecs.se1.8xlarge",
                            "zones.4.available_instance_types.28": "ecs.gn5i-c8g1.2xlarge",
                            "zones.4.available_instance_types.29": "ecs.hfc5.3xlarge",
                            "zones.4.available_instance_types.3": "ecs.hfg5.8xlarge",
                            "zones.4.available_instance_types.30": "ecs.t5-lc1m2.small",
                            "zones.4.available_instance_types.31": "ecs.sn2.3xlarge",
                            "zones.4.available_instance_types.32": "ecs.i2.xlarge",
                            "zones.4.available_instance_types.33": "ecs.t5-lc1m1.small",
                            "zones.4.available_instance_types.34": "ecs.t5-c1m4.2xlarge",
                            "zones.4.available_instance_types.35": "ecs.se1ne.large",
                            "zones.4.available_instance_types.36": "ecs.i2.2xlarge",
                            "zones.4.available_instance_types.37": "ecs.sn1.large",
                            "zones.4.available_instance_types.38": "ecs.mn4.xlarge",
                            "zones.4.available_instance_types.39": "ecs.ic5.2xlarge",
                            "zones.4.available_instance_types.4": "ecs.sn2.7xlarge",
                            "zones.4.available_instance_types.40": "ecs.hfg5.large",
                            "zones.4.available_instance_types.41": "ecs.hfc5.4xlarge",
                            "zones.4.available_instance_types.42": "ecs.gn5-c8g1.2xlarge",
                            "zones.4.available_instance_types.43": "ecs.r5.8xlarge",
                            "zones.4.available_instance_types.44": "ecs.gn5i-c4g1.xlarge",
                            "zones.4.available_instance_types.45": "ecs.ic5.4xlarge",
                            "zones.4.available_instance_types.46": "ecs.se1ne.xlarge",
                            "zones.4.available_instance_types.47": "ecs.d1-c8d3.8xlarge",
                            "zones.4.available_instance_types.48": "ecs.gn5i-c16g1.4xlarge",
                            "zones.4.available_instance_types.49": "ecs.se1ne.4xlarge",
                            "zones.4.available_instance_types.5": "ecs.sn2.medium",
                            "zones.4.available_instance_types.50": "ecs.gn5i-c28g1.14xlarge",
                            "zones.4.available_instance_types.51": "ecs.sn1.medium",
                            "zones.4.available_instance_types.52": "ecs.n4.8xlarge",
                            "zones.4.available_instance_types.53": "ecs.d1.3xlarge",
                            "zones.4.available_instance_types.54": "ecs.e4.xlarge",
                            "zones.4.available_instance_types.55": "ecs.n4.large",
                            "zones.4.available_instance_types.56": "ecs.d1ne.6xlarge",
                            "zones.4.available_instance_types.57": "ecs.sn1ne.6xlarge",
                            "zones.4.available_instance_types.58": "ecs.t5-lc1m4.large",
                            "zones.4.available_instance_types.59": "ecs.t5-c1m1.4xlarge",
                            "zones.4.available_instance_types.6": "ecs.d1ne.4xlarge",
                            "zones.4.available_instance_types.60": "ecs.gn5i-c48g1.12xlarge",
                            "zones.4.available_instance_types.61": "ecs.d1.2xlarge",
                            "zones.4.available_instance_types.62": "ecs.se1.4xlarge",
                            "zones.4.available_instance_types.63": "ecs.t5-c1m2.xlarge",
                            "zones.4.available_instance_types.64": "ecs.t5-c1m1.large",
                            "zones.4.available_instance_types.65": "ecs.i2.8xlarge",
                            "zones.4.available_instance_types.66": "ecs.hfc5.6xlarge",
                            "zones.4.available_instance_types.67": "ecs.i2.4xlarge",
                            "zones.4.available_instance_types.68": "ecs.t5-c1m1.2xlarge",
                            "zones.4.available_instance_types.69": "ecs.ic5.6xlarge",
                            "zones.4.available_instance_types.7": "ecs.gn5i-c16g1.8xlarge",
                            "zones.4.available_instance_types.70": "ecs.t5-lc2m1.nano",
                            "zones.4.available_instance_types.71": "ecs.sn1.xlarge",
                            "zones.4.available_instance_types.72": "ecs.d1ne.2xlarge",
                            "zones.4.available_instance_types.73": "ecs.gn5i-c40g1.10xlarge",
                            "zones.4.available_instance_types.74": "ecs.hfc5.8xlarge",
                            "zones.4.available_instance_types.75": "ecs.n4.4xlarge",
                            "zones.4.available_instance_types.76": "ecs.r5.xlarge",
                            "zones.4.available_instance_types.77": "ecs.r5.16xlarge",
                            "zones.4.available_instance_types.78": "ecs.hfg5.6xlarge",
                            "zones.4.available_instance_types.79": "ecs.se1ne.2xlarge",
                            "zones.4.available_instance_types.8": "ecs.n4.xlarge",
                            "zones.4.available_instance_types.80": "ecs.hfg5.xlarge",
                            "zones.4.available_instance_types.81": "ecs.d1ne.8xlarge",
                            "zones.4.available_instance_types.82": "ecs.sn2ne.4xlarge",
                            "zones.4.available_instance_types.83": "ecs.ic5.3xlarge",
                            "zones.4.available_instance_types.84": "ecs.sn1ne.8xlarge",
                            "zones.4.available_instance_types.85": "ecs.mn4.2xlarge",
                            "zones.4.available_instance_types.86": "ecs.sn2ne.large",
                            "zones.4.available_instance_types.87": "ecs.sn2ne.xlarge",
                            "zones.4.available_instance_types.88": "ecs.d1.8xlarge",
                            "zones.4.available_instance_types.89": "ecs.e4.4xlarge",
                            "zones.4.available_instance_types.9": "ecs.t5-c1m2.4xlarge",
                            "zones.4.available_instance_types.90": "ecs.sn1ne.2xlarge",
                            "zones.4.available_instance_types.91": "ecs.gn5i-c12g1.6xlarge",
                            "zones.4.available_instance_types.92": "ecs.e4.small",
                            "zones.4.available_instance_types.93": "ecs.se1ne.6xlarge",
                            "zones.4.available_instance_types.94": "ecs.sn2ne.2xlarge",
                            "zones.4.available_instance_types.95": "ecs.sn2ne.6xlarge",
                            "zones.4.available_instance_types.96": "ecs.t5-c1m4.large",
                            "zones.4.available_instance_types.97": "ecs.n4.small",
                            "zones.4.available_instance_types.98": "ecs.t5-lc1m2.large",
                            "zones.4.available_instance_types.99": "ecs.sn1ne.xlarge",
                            "zones.4.available_resource_creation.#": "4",
                            "zones.4.available_resource_creation.0": "VSwitch",
                            "zones.4.available_resource_creation.1": "IoOptimized",
                            "zones.4.available_resource_creation.2": "Instance",
                            "zones.4.available_resource_creation.3": "Disk",
                            "zones.4.id": "cn-beijing-e",
                            "zones.4.local_name": "华北 2 可用区 E",
                            "zones.5.available_disk_categories.#": "2",
                            "zones.5.available_disk_categories.0": "cloud_ssd",
                            "zones.5.available_disk_categories.1": "cloud_efficiency",
                            "zones.5.available_instance_types.#": "42",
                            "zones.5.available_instance_types.0": "ecs.t5-c1m2.4xlarge",
                            "zones.5.available_instance_types.1": "ecs.se1ne.2xlarge",
                            "zones.5.available_instance_types.10": "ecs.sn1ne.8xlarge",
                            "zones.5.available_instance_types.11": "ecs.t5-c1m1.xlarge",
                            "zones.5.available_instance_types.12": "ecs.sn2ne.large",
                            "zones.5.available_instance_types.13": "ecs.sn1ne.large",
                            "zones.5.available_instance_types.14": "ecs.sn2ne.xlarge",
                            "zones.5.available_instance_types.15": "ecs.t5-c1m4.xlarge",
                            "zones.5.available_instance_types.16": "ecs.sn1ne.6xlarge",
                            "zones.5.available_instance_types.17": "ecs.sn1ne.2xlarge",
                            "zones.5.available_instance_types.18": "ecs.t5-lc1m4.large",
                            "zones.5.available_instance_types.19": "ecs.t5-c1m1.4xlarge",
                            "zones.5.available_instance_types.2": "ecs.se1ne.xlarge",
                            "zones.5.available_instance_types.20": "ecs.i2.16xlarge",
                            "zones.5.available_instance_types.21": "ecs.t5-c1m2.xlarge",
                            "zones.5.available_instance_types.22": "ecs.t5-c1m1.large",
                            "zones.5.available_instance_types.23": "ecs.se1ne.6xlarge",
                            "zones.5.available_instance_types.24": "ecs.i2.8xlarge",
                            "zones.5.available_instance_types.25": "ecs.sn2ne.2xlarge",
                            "zones.5.available_instance_types.26": "ecs.sn2ne.6xlarge",
                            "zones.5.available_instance_types.27": "ecs.t5-lc1m2.small",
                            "zones.5.available_instance_types.28": "ecs.t5-c1m4.large",
                            "zones.5.available_instance_types.29": "ecs.i2.4xlarge",
                            "zones.5.available_instance_types.3": "ecs.sn1ne.3xlarge",
                            "zones.5.available_instance_types.30": "ecs.sn1ne.4xlarge",
                            "zones.5.available_instance_types.31": "ecs.t5-c1m1.2xlarge",
                            "zones.5.available_instance_types.32": "ecs.i2.xlarge",
                            "zones.5.available_instance_types.33": "ecs.t5-lc1m1.small",
                            "zones.5.available_instance_types.34": "ecs.se1ne.large",
                            "zones.5.available_instance_types.35": "ecs.t5-lc1m2.large",
                            "zones.5.available_instance_types.36": "ecs.sn1ne.xlarge",
                            "zones.5.available_instance_types.37": "ecs.t5-c1m4.2xlarge",
                            "zones.5.available_instance_types.38": "ecs.i2.2xlarge",
                            "zones.5.available_instance_types.39": "ecs.se1ne.8xlarge",
                            "zones.5.available_instance_types.4": "ecs.sn2ne.3xlarge",
                            "zones.5.available_instance_types.40": "ecs.t5-lc2m1.nano",
                            "zones.5.available_instance_types.41": "ecs.t5-c1m2.large",
                            "zones.5.available_instance_types.5": "ecs.t5-c1m2.2xlarge",
                            "zones.5.available_instance_types.6": "ecs.se1ne.3xlarge",
                            "zones.5.available_instance_types.7": "ecs.sn2ne.8xlarge",
                            "zones.5.available_instance_types.8": "ecs.se1ne.4xlarge",
                            "zones.5.available_instance_types.9": "ecs.sn2ne.4xlarge",
                            "zones.5.available_resource_creation.#": "4",
                            "zones.5.available_resource_creation.0": "VSwitch",
                            "zones.5.available_resource_creation.1": "IoOptimized",
                            "zones.5.available_resource_creation.2": "Instance",
                            "zones.5.available_resource_creation.3": "Disk",
                            "zones.5.id": "cn-beijing-f",
                            "zones.5.local_name": "华北 2 可用区 F",
                            "zones.6.available_disk_categories.#": "3",
                            "zones.6.available_disk_categories.0": "cloud_ssd",
                            "zones.6.available_disk_categories.1": "cloud_efficiency",
                            "zones.6.available_disk_categories.2": "cloud_essd",
                            "zones.6.available_instance_types.#": "54",
                            "zones.6.available_instance_types.0": "ecs.c5.large",
                            "zones.6.available_instance_types.1": "ecs.hfc5.xlarge",
                            "zones.6.available_instance_types.10": "ecs.c5.16xlarge",
                            "zones.6.available_instance_types.11": "ecs.hfg5.xlarge",
                            "zones.6.available_instance_types.12": "ecs.hfg5.3xlarge",
                            "zones.6.available_instance_types.13": "ecs.hfg5.4xlarge",
                            "zones.6.available_instance_types.14": "ecs.hfc5.2xlarge",
                            "zones.6.available_instance_types.15": "ecs.g5.large",
                            "zones.6.available_instance_types.16": "ecs.c5.8xlarge",
                            "zones.6.available_instance_types.17": "ecs.hfc5.3xlarge",
                            "zones.6.available_instance_types.18": "ecs.t5-lc1m2.small",
                            "zones.6.available_instance_types.19": "ecs.t5-c1m4.large",
                            "zones.6.available_instance_types.2": "ecs.hfc5.8xlarge",
                            "zones.6.available_instance_types.20": "ecs.t5-lc1m1.small",
                            "zones.6.available_instance_types.21": "ecs.t5-c1m4.2xlarge",
                            "zones.6.available_instance_types.22": "ecs.t5-lc1m2.large",
                            "zones.6.available_instance_types.23": "ecs.g5.6xlarge",
                            "zones.6.available_instance_types.24": "ecs.t5-c1m2.large",
                            "zones.6.available_instance_types.25": "ecs.g5.3xlarge",
                            "zones.6.available_instance_types.26": "ecs.r5.4xlarge",
                            "zones.6.available_instance_types.27": "ecs.r5.2xlarge",
                            "zones.6.available_instance_types.28": "ecs.hfg5.large",
                            "zones.6.available_instance_types.29": "ecs.g5.4xlarge",
                            "zones.6.available_instance_types.3": "ecs.r5.large",
                            "zones.6.available_instance_types.30": "ecs.g5.xlarge",
                            "zones.6.available_instance_types.31": "ecs.hfc5.4xlarge",
                            "zones.6.available_instance_types.32": "ecs.r5.8xlarge",
                            "zones.6.available_instance_types.33": "ecs.c5.3xlarge",
                            "zones.6.available_instance_types.34": "ecs.r5.3xlarge",
                            "zones.6.available_instance_types.35": "ecs.t5-c1m1.xlarge",
                            "zones.6.available_instance_types.36": "ecs.t5-c1m4.xlarge",
                            "zones.6.available_instance_types.37": "ecs.g5.2xlarge",
                            "zones.6.available_instance_types.38": "ecs.t5-c1m1.4xlarge",
                            "zones.6.available_instance_types.39": "ecs.t5-lc1m4.large",
                            "zones.6.available_instance_types.4": "ecs.hfg5.8xlarge",
                            "zones.6.available_instance_types.40": "ecs.hfg5.2xlarge",
                            "zones.6.available_instance_types.41": "ecs.c5.6xlarge",
                            "zones.6.available_instance_types.42": "ecs.c5.2xlarge",
                            "zones.6.available_instance_types.43": "ecs.c5.4xlarge",
                            "zones.6.available_instance_types.44": "ecs.g5.16xlarge",
                            "zones.6.available_instance_types.45": "ecs.t5-c1m2.xlarge",
                            "zones.6.available_instance_types.46": "ecs.t5-c1m1.large",
                            "zones.6.available_instance_types.47": "ecs.hfc5.6xlarge",
                            "zones.6.available_instance_types.48": "ecs.t5-c1m1.2xlarge",
                            "zones.6.available_instance_types.49": "ecs.r5.6xlarge",
                            "zones.6.available_instance_types.5": "ecs.r5.xlarge",
                            "zones.6.available_instance_types.50": "ecs.c5.xlarge",
                            "zones.6.available_instance_types.51": "ecs.hfc5.large",
                            "zones.6.available_instance_types.52": "ecs.t5-lc2m1.nano",
                            "zones.6.available_instance_types.53": "ecs.g5.8xlarge",
                            "zones.6.available_instance_types.6": "ecs.r5.16xlarge",
                            "zones.6.available_instance_types.7": "ecs.t5-c1m2.4xlarge",
                            "zones.6.available_instance_types.8": "ecs.hfg5.6xlarge",
                            "zones.6.available_instance_types.9": "ecs.t5-c1m2.2xlarge",
                            "zones.6.available_resource_creation.#": "4",
                            "zones.6.available_resource_creation.0": "VSwitch",
                            "zones.6.available_resource_creation.1": "IoOptimized",
                            "zones.6.available_resource_creation.2": "Instance",
                            "zones.6.available_resource_creation.3": "Disk",
                            "zones.6.id": "cn-beijing-g",
                            "zones.6.local_name": "华北 2 可用区 G"
                        },
                        "meta": {},
                        "tainted": false
                    },
                    "deposed": [],
                    "provider": "provider.alicloud"
                }
            },
            "depends_on": []
        }
    ]
}
